
Microsoft Visual Studio Solution File, Format Version 12.00
# Visual Studio 14
VisualStudioVersion = 14.0.25420.1
MinimumVisualStudioVersion = 10.0.40219.1
Project("{8BC9CEB8-8B4A-11D0-8D11-00A0C91BC942}") = "MathLib", "MathLib\MathLib.vcxproj", "{4D0574F6-8E1F-4E4E-9EBD-E706311E0793}"
EndProject
Project("{8BC9CEB8-8B4A-11D0-8D11-00A0C91BC942}") = "MathTest", "MathTest\MathTest.vcxproj", "{9ADDFB7A-9761-497A-8D14-3C4905A55AFE}"
	ProjectSection(ProjectDependencies) = postProject
		{4D0574F6-8E1F-4E4E-9EBD-E706311E0793} = {4D0574F6-8E1F-4E4E-9EBD-E706311E0793}
	EndProjectSection
EndProject
Project("{8BC9CEB8-8B4A-11D0-8D11-00A0C91BC942}") = "Components", "Components\Components.vcxproj", "{E84886A6-08CC-461B-A2B9-1C85F95F65D6}"
	ProjectSection(ProjectDependencies) = postProject
		{9ADDFB7A-9761-497A-8D14-3C4905A55AFE} = {9ADDFB7A-9761-497A-8D14-3C4905A55AFE}
		{4D0574F6-8E1F-4E4E-9EBD-E706311E0793} = {4D0574F6-8E1F-4E4E-9EBD-E706311E0793}
	EndProjectSection
EndProject
Project("{8BC9CEB8-8B4A-11D0-8D11-00A0C91BC942}") = "Memory", "Memory\Memory.vcxproj", "{38DDC746-2001-402D-9765-DD8CA3FDFDBB}"
EndProject
Project("{8BC9CEB8-8B4A-11D0-8D11-00A0C91BC942}") = "Standard Template Exercises", "Standard Template Exercises\Standard Template Exercises.vcxproj", "{8F736DC7-564A-4F38-8C07-3A64D05076D0}"
EndProject
Project("{8BC9CEB8-8B4A-11D0-8D11-00A0C91BC942}") = "Inherit", "Inherit\Inherit.vcxproj", "{D7B6791C-3DEA-4BB2-9052-955CFE454327}"
EndProject
Project("{8BC9CEB8-8B4A-11D0-8D11-00A0C91BC942}") = "BinReader", "BinReader\BinReader.vcxproj", "{31B4EE10-6ED4-48FA-A325-A907818765FA}"
EndProject
Project("{8BC9CEB8-8B4A-11D0-8D11-00A0C91BC942}") = "Trees", "Trees\Trees.vcxproj", "{377F6B7A-15CF-4457-95FE-851540BB449C}"
EndProject
Project("{8BC9CEB8-8B4A-11D0-8D11-00A0C91BC942}") = "AlgorithmEX", "Project1\Project1.vcxproj", "{96F75FAD-094B-40ED-8139-FE9A63B9BB10}"
EndProject
Project("{8BC9CEB8-8B4A-11D0-8D11-00A0C91BC942}") = "particles", "particles\particles.vcxproj", "{41CDB76E-321E-47AA-8032-185113DA2D50}"
EndProject
Global
	GlobalSection(SolutionConfigurationPlatforms) = preSolution
		Debug|x64 = Debug|x64
		Debug|x86 = Debug|x86
		Release|x64 = Release|x64
		Release|x86 = Release|x86
	EndGlobalSection
	GlobalSection(ProjectConfigurationPlatforms) = postSolution
		{4D0574F6-8E1F-4E4E-9EBD-E706311E0793}.Debug|x64.ActiveCfg = Debug|x64
		{4D0574F6-8E1F-4E4E-9EBD-E706311E0793}.Debug|x64.Build.0 = Debug|x64
		{4D0574F6-8E1F-4E4E-9EBD-E706311E0793}.Debug|x86.ActiveCfg = Debug|Win32
		{4D0574F6-8E1F-4E4E-9EBD-E706311E0793}.Debug|x86.Build.0 = Debug|Win32
		{4D0574F6-8E1F-4E4E-9EBD-E706311E0793}.Release|x64.ActiveCfg = Release|x64
		{4D0574F6-8E1F-4E4E-9EBD-E706311E0793}.Release|x64.Build.0 = Release|x64
		{4D0574F6-8E1F-4E4E-9EBD-E706311E0793}.Release|x86.ActiveCfg = Release|Win32
		{4D0574F6-8E1F-4E4E-9EBD-E706311E0793}.Release|x86.Build.0 = Release|Win32
		{9ADDFB7A-9761-497A-8D14-3C4905A55AFE}.Debug|x64.ActiveCfg = Debug|x64
		{9ADDFB7A-9761-497A-8D14-3C4905A55AFE}.Debug|x64.Build.0 = Debug|x64
		{9ADDFB7A-9761-497A-8D14-3C4905A55AFE}.Debug|x86.ActiveCfg = Debug|Win32
		{9ADDFB7A-9761-497A-8D14-3C4905A55AFE}.Debug|x86.Build.0 = Debug|Win32
		{9ADDFB7A-9761-497A-8D14-3C4905A55AFE}.Release|x64.ActiveCfg = Release|x64
		{9ADDFB7A-9761-497A-8D14-3C4905A55AFE}.Release|x64.Build.0 = Release|x64
		{9ADDFB7A-9761-497A-8D14-3C4905A55AFE}.Release|x86.ActiveCfg = Release|Win32
		{9ADDFB7A-9761-497A-8D14-3C4905A55AFE}.Release|x86.Build.0 = Release|Win32
		{E84886A6-08CC-461B-A2B9-1C85F95F65D6}.Debug|x64.ActiveCfg = Debug|x64
		{E84886A6-08CC-461B-A2B9-1C85F95F65D6}.Debug|x64.Build.0 = Debug|x64
		{E84886A6-08CC-461B-A2B9-1C85F95F65D6}.Debug|x86.ActiveCfg = Debug|Win32
		{E84886A6-08CC-461B-A2B9-1C85F95F65D6}.Debug|x86.Build.0 = Debug|Win32
		{E84886A6-08CC-461B-A2B9-1C85F95F65D6}.Release|x64.ActiveCfg = Release|x64
		{E84886A6-08CC-461B-A2B9-1C85F95F65D6}.Release|x64.Build.0 = Release|x64
		{E84886A6-08CC-461B-A2B9-1C85F95F65D6}.Release|x86.ActiveCfg = Release|Win32
		{E84886A6-08CC-461B-A2B9-1C85F95F65D6}.Release|x86.Build.0 = Release|Win32
		{38DDC746-2001-402D-9765-DD8CA3FDFDBB}.Debug|x64.ActiveCfg = Debug|x64
		{38DDC746-2001-402D-9765-DD8CA3FDFDBB}.Debug|x64.Build.0 = Debug|x64
		{38DDC746-2001-402D-9765-DD8CA3FDFDBB}.Debug|x86.ActiveCfg = Debug|Win32
		{38DDC746-2001-402D-9765-DD8CA3FDFDBB}.Debug|x86.Build.0 = Debug|Win32
		{38DDC746-2001-402D-9765-DD8CA3FDFDBB}.Release|x64.ActiveCfg = Release|x64
		{38DDC746-2001-402D-9765-DD8CA3FDFDBB}.Release|x64.Build.0 = Release|x64
		{38DDC746-2001-402D-9765-DD8CA3FDFDBB}.Release|x86.ActiveCfg = Release|Win32
		{38DDC746-2001-402D-9765-DD8CA3FDFDBB}.Release|x86.Build.0 = Release|Win32
		{8F736DC7-564A-4F38-8C07-3A64D05076D0}.Debug|x64.ActiveCfg = Debug|x64
		{8F736DC7-564A-4F38-8C07-3A64D05076D0}.Debug|x64.Build.0 = Debug|x64
		{8F736DC7-564A-4F38-8C07-3A64D05076D0}.Debug|x86.ActiveCfg = Debug|Win32
		{8F736DC7-564A-4F38-8C07-3A64D05076D0}.Debug|x86.Build.0 = Debug|Win32
		{8F736DC7-564A-4F38-8C07-3A64D05076D0}.Release|x64.ActiveCfg = Release|x64
		{8F736DC7-564A-4F38-8C07-3A64D05076D0}.Release|x64.Build.0 = Release|x64
		{8F736DC7-564A-4F38-8C07-3A64D05076D0}.Release|x86.ActiveCfg = Release|Win32
		{8F736DC7-564A-4F38-8C07-3A64D05076D0}.Release|x86.Build.0 = Release|Win32
		{D7B6791C-3DEA-4BB2-9052-955CFE454327}.Debug|x64.ActiveCfg = Debug|x64
		{D7B6791C-3DEA-4BB2-9052-955CFE454327}.Debug|x64.Build.0 = Debug|x64
		{D7B6791C-3DEA-4BB2-9052-955CFE454327}.Debug|x86.ActiveCfg = Debug|Win32
		{D7B6791C-3DEA-4BB2-9052-955CFE454327}.Debug|x86.Build.0 = Debug|Win32
		{D7B6791C-3DEA-4BB2-9052-955CFE454327}.Release|x64.ActiveCfg = Release|x64
		{D7B6791C-3DEA-4BB2-9052-955CFE454327}.Release|x64.Build.0 = Release|x64
		{D7B6791C-3DEA-4BB2-9052-955CFE454327}.Release|x86.ActiveCfg = Release|Win32
		{D7B6791C-3DEA-4BB2-9052-955CFE454327}.Release|x86.Build.0 = Release|Win32
		{31B4EE10-6ED4-48FA-A325-A907818765FA}.Debug|x64.ActiveCfg = Debug|x64
		{31B4EE10-6ED4-48FA-A325-A907818765FA}.Debug|x64.Build.0 = Debug|x64
		{31B4EE10-6ED4-48FA-A325-A907818765FA}.Debug|x86.ActiveCfg = Debug|Win32
		{31B4EE10-6ED4-48FA-A325-A907818765FA}.Debug|x86.Build.0 = Debug|Win32
		{31B4EE10-6ED4-48FA-A325-A907818765FA}.Release|x64.ActiveCfg = Release|x64
		{31B4EE10-6ED4-48FA-A325-A907818765FA}.Release|x64.Build.0 = Release|x64
		{31B4EE10-6ED4-48FA-A325-A907818765FA}.Release|x86.ActiveCfg = Release|Win32
		{31B4EE10-6ED4-48FA-A325-A907818765FA}.Release|x86.Build.0 = Release|Win32
		{377F6B7A-15CF-4457-95FE-851540BB449C}.Debug|x64.ActiveCfg = Debug|x64
		{377F6B7A-15CF-4457-95FE-851540BB449C}.Debug|x64.Build.0 = Debug|x64
		{377F6B7A-15CF-4457-95FE-851540BB449C}.Debug|x86.ActiveCfg = Debug|Win32
		{377F6B7A-15CF-4457-95FE-851540BB449C}.Debug|x86.Build.0 = Debug|Win32
		{377F6B7A-15CF-4457-95FE-851540BB449C}.Release|x64.ActiveCfg = Release|x64
		{377F6B7A-15CF-4457-95FE-851540BB449C}.Release|x64.Build.0 = Release|x64
		{377F6B7A-15CF-4457-95FE-851540BB449C}.Release|x86.ActiveCfg = Release|Win32
		{377F6B7A-15CF-4457-95FE-851540BB449C}.Release|x86.Build.0 = Release|Win32
		{96F75FAD-094B-40ED-8139-FE9A63B9BB10}.Debug|x64.ActiveCfg = Debug|x64
		{96F75FAD-094B-40ED-8139-FE9A63B9BB10}.Debug|x64.Build.0 = Debug|x64
		{96F75FAD-094B-40ED-8139-FE9A63B9BB10}.Debug|x86.ActiveCfg = Debug|Win32
		{96F75FAD-094B-40ED-8139-FE9A63B9BB10}.Debug|x86.Build.0 = Debug|Win32
		{96F75FAD-094B-40ED-8139-FE9A63B9BB10}.Release|x64.ActiveCfg = Release|x64
		{96F75FAD-094B-40ED-8139-FE9A63B9BB10}.Release|x64.Build.0 = Release|x64
		{96F75FAD-094B-40ED-8139-FE9A63B9BB10}.Release|x86.ActiveCfg = Release|Win32
		{96F75FAD-094B-40ED-8139-FE9A63B9BB10}.Release|x86.Build.0 = Release|Win32
		{41CDB76E-321E-47AA-8032-185113DA2D50}.Debug|x64.ActiveCfg = Debug|x64
		{41CDB76E-321E-47AA-8032-185113DA2D50}.Debug|x64.Build.0 = Debug|x64
		{41CDB76E-321E-47AA-8032-185113DA2D50}.Debug|x86.ActiveCfg = Debug|Win32
		{41CDB76E-321E-47AA-8032-185113DA2D50}.Debug|x86.Build.0 = Debug|Win32
		{41CDB76E-321E-47AA-8032-185113DA2D50}.Release|x64.ActiveCfg = Release|x64
		{41CDB76E-321E-47AA-8032-185113DA2D50}.Release|x64.Build.0 = Release|x64
		{41CDB76E-321E-47AA-8032-185113DA2D50}.Release|x86.ActiveCfg = Release|Win32
		{41CDB76E-321E-47AA-8032-185113DA2D50}.Release|x86.Build.0 = Release|Win32
	EndGlobalSection
	GlobalSection(SolutionProperties) = preSolution
		HideSolutionNode = FALSE
	EndGlobalSection
EndGlobal
